github.com/smartystreets/assertions v1.2.0/go.mod h1:tcbTF8ujkAEcZ8TElKY+i30BzYlVhC/LOxJk7iOWnoo=
github.com/smartystreets/gunit v1.4.2/go.mod h1:ZjM1ozSIMJlAz/ay4SG8PeKF00ckUp+zMHZXV9/bvak=
github.com/smartystreets/messaging/v3 v3.2.1 h1:EsgjS8/QLkYCsLGo21sJe5Up9WpMUx3xyKU8dD95ptY=
github.com/smartystreets/messaging/v3 v3.2.1/go.mod h1:ui3R03Wc1jV1s749V9hzGvpqHiPIf8mCI6ZTqwtnNqU=
github.com/streadway/amqp v1.0.0/go.mod h1:AZpEONHx3DKn8O/DFsRAY58/XVQiIPMTMB1SddzLXVw=
